
Microsoft Visual Studio Solution File, Format Version 12.00
# Visual Studio Version 17
VisualStudioVersion = 17.5.002.0
MinimumVisualStudioVersion = 10.0.40219.1
Project("{9A19103F-16F7-4668-BE54-9A1E7A4F7556}") = "abkl_plt_procon", "abkl_plt_procon.csproj", "{689E1AF2-5936-46E2-95D2-16D83FE1C42A}"
EndProject
Global
	GlobalSection(SolutionConfigurationPlatforms) = preSolution
		Debug|Any CPU = Debug|Any CPU
		Release|Any CPU = Release|Any CPU
	EndGlobalSection
	GlobalSection(ProjectConfigurationPlatforms) = postSolution
		{689E1AF2-5936-46E2-95D2-16D83FE1C42A}.Debug|Any CPU.ActiveCfg = Debug|Any CPU
		{689E1AF2-5936-46E2-95D2-16D83FE1C42A}.Debug|Any CPU.Build.0 = Debug|Any CPU
		{689E1AF2-5936-46E2-95D2-16D83FE1C42A}.Release|Any CPU.ActiveCfg = Release|Any CPU
		{689E1AF2-5936-46E2-95D2-16D83FE1C42A}.Release|Any CPU.Build.0 = Release|Any CPU
	EndGlobalSection
	GlobalSection(SolutionProperties) = preSolution
		HideSolutionNode = FALSE
	EndGlobalSection
	GlobalSection(ExtensibilityGlobals) = postSolution
		SolutionGuid = {70059391-33FB-4CE4-B475-F38349EEC6D3}
	EndGlobalSection
EndGlobal
